
Microsoft Visual Studio Solution File, Format Version 12.00
# Visual Studio Version 16
VisualStudioVersion = 16.0.29613.14
MinimumVisualStudioVersion = 10.0.40219.1
Project("{FAE04EC0-301F-11D3-BF4B-00C04F79EFBC}") = "MaturityCalculator", "MaturityCalculator\MaturityCalculator.csproj", "{CD462021-7559-46E2-A74E-AF45A2EFF504}"
EndProject
Project("{FAE04EC0-301F-11D3-BF4B-00C04F79EFBC}") = "MaturityCalculator.Tests", "MaturityCalculator.Tests\MaturityCalculator.Tests.csproj", "{C635705E-8485-4578-B03A-BC2AA632C9EE}"
EndProject
Project("{FAE04EC0-301F-11D3-BF4B-00C04F79EFBC}") = "Maturity.Model", "Maturity.Model\Maturity.Model.csproj", "{CF722077-C514-4761-937A-11DADCA21E9A}"
EndProject
Project("{FAE04EC0-301F-11D3-BF4B-00C04F79EFBC}") = "Maturity.Data", "Maturity.Data\Maturity.Data.csproj", "{6E7BF3B1-EDC4-48B5-AFAE-27F6B463009B}"
EndProject
Project("{FAE04EC0-301F-11D3-BF4B-00C04F79EFBC}") = "Maturity.Data.Tests", "Maturity.Data.Tests\Maturity.Data.Tests.csproj", "{E0B0F9ED-B466-4D15-94DD-C9E098330E2C}"
EndProject
Project("{FAE04EC0-301F-11D3-BF4B-00C04F79EFBC}") = "Maturity.BusinessLogic", "Maturity.BusinessLogic\Maturity.BusinessLogic.csproj", "{2A710F85-54AC-4ECB-89E8-25C66ADEEAD3}"
EndProject
Project("{FAE04EC0-301F-11D3-BF4B-00C04F79EFBC}") = "Maturity.BusinessLogic.Tests", "Maturity.BusinessLogic.Tests\Maturity.BusinessLogic.Tests.csproj", "{CB789758-0900-4405-8150-600F42930EC2}"
EndProject
Global
	GlobalSection(SolutionConfigurationPlatforms) = preSolution
		Debug|Any CPU = Debug|Any CPU
		Release|Any CPU = Release|Any CPU
	EndGlobalSection
	GlobalSection(ProjectConfigurationPlatforms) = postSolution
		{CD462021-7559-46E2-A74E-AF45A2EFF504}.Debug|Any CPU.ActiveCfg = Debug|Any CPU
		{CD462021-7559-46E2-A74E-AF45A2EFF504}.Debug|Any CPU.Build.0 = Debug|Any CPU
		{CD462021-7559-46E2-A74E-AF45A2EFF504}.Release|Any CPU.ActiveCfg = Release|Any CPU
		{CD462021-7559-46E2-A74E-AF45A2EFF504}.Release|Any CPU.Build.0 = Release|Any CPU
		{C635705E-8485-4578-B03A-BC2AA632C9EE}.Debug|Any CPU.ActiveCfg = Debug|Any CPU
		{C635705E-8485-4578-B03A-BC2AA632C9EE}.Debug|Any CPU.Build.0 = Debug|Any CPU
		{C635705E-8485-4578-B03A-BC2AA632C9EE}.Release|Any CPU.ActiveCfg = Release|Any CPU
		{C635705E-8485-4578-B03A-BC2AA632C9EE}.Release|Any CPU.Build.0 = Release|Any CPU
		{CF722077-C514-4761-937A-11DADCA21E9A}.Debug|Any CPU.ActiveCfg = Debug|Any CPU
		{CF722077-C514-4761-937A-11DADCA21E9A}.Debug|Any CPU.Build.0 = Debug|Any CPU
		{CF722077-C514-4761-937A-11DADCA21E9A}.Release|Any CPU.ActiveCfg = Release|Any CPU
		{CF722077-C514-4761-937A-11DADCA21E9A}.Release|Any CPU.Build.0 = Release|Any CPU
		{6E7BF3B1-EDC4-48B5-AFAE-27F6B463009B}.Debug|Any CPU.ActiveCfg = Debug|Any CPU
		{6E7BF3B1-EDC4-48B5-AFAE-27F6B463009B}.Debug|Any CPU.Build.0 = Debug|Any CPU
		{6E7BF3B1-EDC4-48B5-AFAE-27F6B463009B}.Release|Any CPU.ActiveCfg = Release|Any CPU
		{6E7BF3B1-EDC4-48B5-AFAE-27F6B463009B}.Release|Any CPU.Build.0 = Release|Any CPU
		{E0B0F9ED-B466-4D15-94DD-C9E098330E2C}.Debug|Any CPU.ActiveCfg = Debug|Any CPU
		{E0B0F9ED-B466-4D15-94DD-C9E098330E2C}.Debug|Any CPU.Build.0 = Debug|Any CPU
		{E0B0F9ED-B466-4D15-94DD-C9E098330E2C}.Release|Any CPU.ActiveCfg = Release|Any CPU
		{E0B0F9ED-B466-4D15-94DD-C9E098330E2C}.Release|Any CPU.Build.0 = Release|Any CPU
		{2A710F85-54AC-4ECB-89E8-25C66ADEEAD3}.Debug|Any CPU.ActiveCfg = Debug|Any CPU
		{2A710F85-54AC-4ECB-89E8-25C66ADEEAD3}.Debug|Any CPU.Build.0 = Debug|Any CPU
		{2A710F85-54AC-4ECB-89E8-25C66ADEEAD3}.Release|Any CPU.ActiveCfg = Release|Any CPU
		{2A710F85-54AC-4ECB-89E8-25C66ADEEAD3}.Release|Any CPU.Build.0 = Release|Any CPU
		{CB789758-0900-4405-8150-600F42930EC2}.Debug|Any CPU.ActiveCfg = Debug|Any CPU
		{CB789758-0900-4405-8150-600F42930EC2}.Debug|Any CPU.Build.0 = Debug|Any CPU
		{CB789758-0900-4405-8150-600F42930EC2}.Release|Any CPU.ActiveCfg = Release|Any CPU
		{CB789758-0900-4405-8150-600F42930EC2}.Release|Any CPU.Build.0 = Release|Any CPU
	EndGlobalSection
	GlobalSection(SolutionProperties) = preSolution
		HideSolutionNode = FALSE
	EndGlobalSection
	GlobalSection(ExtensibilityGlobals) = postSolution
		SolutionGuid = {6EDB3FAF-F599-4F3D-BABB-9947C624C833}
	EndGlobalSection
EndGlobal
